
Microsoft Visual Studio Solution File, Format Version 12.00
# Visual Studio 2012
VisualStudioVersion = 14.0.24720.0
MinimumVisualStudioVersion = 10.0.40219.1
Project("{FAE04EC0-301F-11D3-BF4B-00C04F79EFBC}") = "SharedClassLib", "SharedClassLib\SharedClassLib.csproj", "{E62C23AF-F07C-444C-A65F-99BD2246BBB5}"
EndProject
Project("{FAE04EC0-301F-11D3-BF4B-00C04F79EFBC}") = "SharedClassLib.Tests", "SharedClassLib.Tests\SharedClassLib.Tests.csproj", "{643D49D5-E939-418C-BE8A-8F167CD28DF8}"
EndProject
Project("{FAE04EC0-301F-11D3-BF4B-00C04F79EFBC}") = "RetailBeacon.Droid", "RetailBeacon.Droid\RetailBeacon.Droid.csproj", "{733920CA-FB88-4EE8-BEB6-F6039C69F80F}"
EndProject
Project("{FAE04EC0-301F-11D3-BF4B-00C04F79EFBC}") = "ReatailBeacon.IOS", "ReatailBeacon.IOS\ReatailBeacon.IOS.csproj", "{78088629-D86E-4B39-B955-1EDFBBDDE919}"
EndProject
Project("{2150E333-8FDC-42A3-9474-1A3956D46DE8}") = "Solution Items", "Solution Items", "{CD75BA87-56E4-4F20-8F2A-338F572B72F5}"
	ProjectSection(SolutionItems) = preProject
		StartController.cs = StartController.cs
	EndProjectSection
EndProject
Global
	GlobalSection(SolutionConfigurationPlatforms) = preSolution
		Ad-Hoc|Any CPU = Ad-Hoc|Any CPU
		Ad-Hoc|iPhone = Ad-Hoc|iPhone
		Ad-Hoc|iPhoneSimulator = Ad-Hoc|iPhoneSimulator
		AppStore|Any CPU = AppStore|Any CPU
		AppStore|iPhone = AppStore|iPhone
		AppStore|iPhoneSimulator = AppStore|iPhoneSimulator
		Debug|Any CPU = Debug|Any CPU
		Debug|iPhone = Debug|iPhone
		Debug|iPhoneSimulator = Debug|iPhoneSimulator
		Release|Any CPU = Release|Any CPU
		Release|iPhone = Release|iPhone
		Release|iPhoneSimulator = Release|iPhoneSimulator
	EndGlobalSection
	GlobalSection(ProjectConfigurationPlatforms) = postSolution
		{643D49D5-E939-418C-BE8A-8F167CD28DF8}.Ad-Hoc|Any CPU.ActiveCfg = Release|Any CPU
		{643D49D5-E939-418C-BE8A-8F167CD28DF8}.Ad-Hoc|Any CPU.Build.0 = Release|Any CPU
		{643D49D5-E939-418C-BE8A-8F167CD28DF8}.Ad-Hoc|iPhone.ActiveCfg = Release|Any CPU
		{643D49D5-E939-418C-BE8A-8F167CD28DF8}.Ad-Hoc|iPhone.Build.0 = Release|Any CPU
		{643D49D5-E939-418C-BE8A-8F167CD28DF8}.Ad-Hoc|iPhoneSimulator.ActiveCfg = Release|Any CPU
		{643D49D5-E939-418C-BE8A-8F167CD28DF8}.Ad-Hoc|iPhoneSimulator.Build.0 = Release|Any CPU
		{643D49D5-E939-418C-BE8A-8F167CD28DF8}.AppStore|Any CPU.ActiveCfg = Release|Any CPU
		{643D49D5-E939-418C-BE8A-8F167CD28DF8}.AppStore|Any CPU.Build.0 = Release|Any CPU
		{643D49D5-E939-418C-BE8A-8F167CD28DF8}.AppStore|iPhone.ActiveCfg = Release|Any CPU
		{643D49D5-E939-418C-BE8A-8F167CD28DF8}.AppStore|iPhone.Build.0 = Release|Any CPU
		{643D49D5-E939-418C-BE8A-8F167CD28DF8}.AppStore|iPhoneSimulator.ActiveCfg = Release|Any CPU
		{643D49D5-E939-418C-BE8A-8F167CD28DF8}.AppStore|iPhoneSimulator.Build.0 = Release|Any CPU
		{643D49D5-E939-418C-BE8A-8F167CD28DF8}.Debug|Any CPU.ActiveCfg = Debug|Any CPU
		{643D49D5-E939-418C-BE8A-8F167CD28DF8}.Debug|Any CPU.Build.0 = Debug|Any CPU
		{643D49D5-E939-418C-BE8A-8F167CD28DF8}.Debug|iPhone.ActiveCfg = Debug|Any CPU
		{643D49D5-E939-418C-BE8A-8F167CD28DF8}.Debug|iPhone.Build.0 = Debug|Any CPU
		{643D49D5-E939-418C-BE8A-8F167CD28DF8}.Debug|iPhoneSimulator.ActiveCfg = Debug|Any CPU
		{643D49D5-E939-418C-BE8A-8F167CD28DF8}.Debug|iPhoneSimulator.Build.0 = Debug|Any CPU
		{643D49D5-E939-418C-BE8A-8F167CD28DF8}.Release|Any CPU.ActiveCfg = Release|Any CPU
		{643D49D5-E939-418C-BE8A-8F167CD28DF8}.Release|Any CPU.Build.0 = Release|Any CPU
		{643D49D5-E939-418C-BE8A-8F167CD28DF8}.Release|iPhone.ActiveCfg = Release|Any CPU
		{643D49D5-E939-418C-BE8A-8F167CD28DF8}.Release|iPhone.Build.0 = Release|Any CPU
		{643D49D5-E939-418C-BE8A-8F167CD28DF8}.Release|iPhoneSimulator.ActiveCfg = Release|Any CPU
		{643D49D5-E939-418C-BE8A-8F167CD28DF8}.Release|iPhoneSimulator.Build.0 = Release|Any CPU
		{733920CA-FB88-4EE8-BEB6-F6039C69F80F}.Ad-Hoc|Any CPU.ActiveCfg = Release|Any CPU
		{733920CA-FB88-4EE8-BEB6-F6039C69F80F}.Ad-Hoc|Any CPU.Build.0 = Release|Any CPU
		{733920CA-FB88-4EE8-BEB6-F6039C69F80F}.Ad-Hoc|Any CPU.Deploy.0 = Release|Any CPU
		{733920CA-FB88-4EE8-BEB6-F6039C69F80F}.Ad-Hoc|iPhone.ActiveCfg = Release|Any CPU
		{733920CA-FB88-4EE8-BEB6-F6039C69F80F}.Ad-Hoc|iPhone.Build.0 = Release|Any CPU
		{733920CA-FB88-4EE8-BEB6-F6039C69F80F}.Ad-Hoc|iPhone.Deploy.0 = Release|Any CPU
		{733920CA-FB88-4EE8-BEB6-F6039C69F80F}.Ad-Hoc|iPhoneSimulator.ActiveCfg = Release|Any CPU
		{733920CA-FB88-4EE8-BEB6-F6039C69F80F}.Ad-Hoc|iPhoneSimulator.Build.0 = Release|Any CPU
		{733920CA-FB88-4EE8-BEB6-F6039C69F80F}.Ad-Hoc|iPhoneSimulator.Deploy.0 = Release|Any CPU
		{733920CA-FB88-4EE8-BEB6-F6039C69F80F}.AppStore|Any CPU.ActiveCfg = Release|Any CPU
		{733920CA-FB88-4EE8-BEB6-F6039C69F80F}.AppStore|Any CPU.Build.0 = Release|Any CPU
		{733920CA-FB88-4EE8-BEB6-F6039C69F80F}.AppStore|Any CPU.Deploy.0 = Release|Any CPU
		{733920CA-FB88-4EE8-BEB6-F6039C69F80F}.AppStore|iPhone.ActiveCfg = Release|Any CPU
		{733920CA-FB88-4EE8-BEB6-F6039C69F80F}.AppStore|iPhone.Build.0 = Release|Any CPU
		{733920CA-FB88-4EE8-BEB6-F6039C69F80F}.AppStore|iPhone.Deploy.0 = Release|Any CPU
		{733920CA-FB88-4EE8-BEB6-F6039C69F80F}.AppStore|iPhoneSimulator.ActiveCfg = Release|Any CPU
		{733920CA-FB88-4EE8-BEB6-F6039C69F80F}.AppStore|iPhoneSimulator.Build.0 = Release|Any CPU
		{733920CA-FB88-4EE8-BEB6-F6039C69F80F}.AppStore|iPhoneSimulator.Deploy.0 = Release|Any CPU
		{733920CA-FB88-4EE8-BEB6-F6039C69F80F}.Debug|Any CPU.ActiveCfg = Debug|Any CPU
		{733920CA-FB88-4EE8-BEB6-F6039C69F80F}.Debug|Any CPU.Build.0 = Debug|Any CPU
		{733920CA-FB88-4EE8-BEB6-F6039C69F80F}.Debug|Any CPU.Deploy.0 = Debug|Any CPU
		{733920CA-FB88-4EE8-BEB6-F6039C69F80F}.Debug|iPhone.ActiveCfg = Debug|Any CPU
		{733920CA-FB88-4EE8-BEB6-F6039C69F80F}.Debug|iPhone.Build.0 = Debug|Any CPU
		{733920CA-FB88-4EE8-BEB6-F6039C69F80F}.Debug|iPhone.Deploy.0 = Debug|Any CPU
		{733920CA-FB88-4EE8-BEB6-F6039C69F80F}.Debug|iPhoneSimulator.ActiveCfg = Debug|Any CPU
		{733920CA-FB88-4EE8-BEB6-F6039C69F80F}.Debug|iPhoneSimulator.Build.0 = Debug|Any CPU
		{733920CA-FB88-4EE8-BEB6-F6039C69F80F}.Debug|iPhoneSimulator.Deploy.0 = Debug|Any CPU
		{733920CA-FB88-4EE8-BEB6-F6039C69F80F}.Release|Any CPU.ActiveCfg = Release|Any CPU
		{733920CA-FB88-4EE8-BEB6-F6039C69F80F}.Release|Any CPU.Build.0 = Release|Any CPU
		{733920CA-FB88-4EE8-BEB6-F6039C69F80F}.Release|Any CPU.Deploy.0 = Release|Any CPU
		{733920CA-FB88-4EE8-BEB6-F6039C69F80F}.Release|iPhone.ActiveCfg = Release|Any CPU
		{733920CA-FB88-4EE8-BEB6-F6039C69F80F}.Release|iPhone.Build.0 = Release|Any CPU
		{733920CA-FB88-4EE8-BEB6-F6039C69F80F}.Release|iPhone.Deploy.0 = Release|Any CPU
		{733920CA-FB88-4EE8-BEB6-F6039C69F80F}.Release|iPhoneSimulator.ActiveCfg = Release|Any CPU
		{733920CA-FB88-4EE8-BEB6-F6039C69F80F}.Release|iPhoneSimulator.Build.0 = Release|Any CPU
		{733920CA-FB88-4EE8-BEB6-F6039C69F80F}.Release|iPhoneSimulator.Deploy.0 = Release|Any CPU
		{78088629-D86E-4B39-B955-1EDFBBDDE919}.Ad-Hoc|Any CPU.ActiveCfg = AppStore|iPhone
		{78088629-D86E-4B39-B955-1EDFBBDDE919}.Ad-Hoc|Any CPU.Build.0 = AppStore|iPhone
		{78088629-D86E-4B39-B955-1EDFBBDDE919}.Ad-Hoc|iPhone.ActiveCfg = AppStore|iPhone
		{78088629-D86E-4B39-B955-1EDFBBDDE919}.Ad-Hoc|iPhone.Build.0 = AppStore|iPhone
		{78088629-D86E-4B39-B955-1EDFBBDDE919}.Ad-Hoc|iPhoneSimulator.ActiveCfg = AppStore|iPhoneSimulator
		{78088629-D86E-4B39-B955-1EDFBBDDE919}.Ad-Hoc|iPhoneSimulator.Build.0 = AppStore|iPhoneSimulator
		{78088629-D86E-4B39-B955-1EDFBBDDE919}.AppStore|Any CPU.ActiveCfg = AppStore|iPhone
		{78088629-D86E-4B39-B955-1EDFBBDDE919}.AppStore|iPhone.ActiveCfg = AppStore|iPhone
		{78088629-D86E-4B39-B955-1EDFBBDDE919}.AppStore|iPhone.Build.0 = AppStore|iPhone
		{78088629-D86E-4B39-B955-1EDFBBDDE919}.AppStore|iPhoneSimulator.ActiveCfg = AppStore|iPhoneSimulator
		{78088629-D86E-4B39-B955-1EDFBBDDE919}.AppStore|iPhoneSimulator.Build.0 = AppStore|iPhoneSimulator
		{78088629-D86E-4B39-B955-1EDFBBDDE919}.Debug|Any CPU.ActiveCfg = Debug|iPhone
		{78088629-D86E-4B39-B955-1EDFBBDDE919}.Debug|iPhone.ActiveCfg = Debug|iPhone
		{78088629-D86E-4B39-B955-1EDFBBDDE919}.Debug|iPhone.Build.0 = Debug|iPhone
		{78088629-D86E-4B39-B955-1EDFBBDDE919}.Debug|iPhoneSimulator.ActiveCfg = Debug|iPhoneSimulator
		{78088629-D86E-4B39-B955-1EDFBBDDE919}.Debug|iPhoneSimulator.Build.0 = Debug|iPhoneSimulator
		{78088629-D86E-4B39-B955-1EDFBBDDE919}.Release|Any CPU.ActiveCfg = Release|iPhone
		{78088629-D86E-4B39-B955-1EDFBBDDE919}.Release|iPhone.ActiveCfg = Release|iPhone
		{78088629-D86E-4B39-B955-1EDFBBDDE919}.Release|iPhone.Build.0 = Release|iPhone
		{78088629-D86E-4B39-B955-1EDFBBDDE919}.Release|iPhoneSimulator.ActiveCfg = Release|iPhoneSimulator
		{78088629-D86E-4B39-B955-1EDFBBDDE919}.Release|iPhoneSimulator.Build.0 = Release|iPhoneSimulator
		{E62C23AF-F07C-444C-A65F-99BD2246BBB5}.Ad-Hoc|Any CPU.ActiveCfg = Release|Any CPU
		{E62C23AF-F07C-444C-A65F-99BD2246BBB5}.Ad-Hoc|Any CPU.Build.0 = Release|Any CPU
		{E62C23AF-F07C-444C-A65F-99BD2246BBB5}.Ad-Hoc|iPhone.ActiveCfg = Release|Any CPU
		{E62C23AF-F07C-444C-A65F-99BD2246BBB5}.Ad-Hoc|iPhone.Build.0 = Release|Any CPU
		{E62C23AF-F07C-444C-A65F-99BD2246BBB5}.Ad-Hoc|iPhoneSimulator.ActiveCfg = Release|Any CPU
		{E62C23AF-F07C-444C-A65F-99BD2246BBB5}.Ad-Hoc|iPhoneSimulator.Build.0 = Release|Any CPU
		{E62C23AF-F07C-444C-A65F-99BD2246BBB5}.AppStore|Any CPU.ActiveCfg = Release|Any CPU
		{E62C23AF-F07C-444C-A65F-99BD2246BBB5}.AppStore|Any CPU.Build.0 = Release|Any CPU
		{E62C23AF-F07C-444C-A65F-99BD2246BBB5}.AppStore|iPhone.ActiveCfg = Release|Any CPU
		{E62C23AF-F07C-444C-A65F-99BD2246BBB5}.AppStore|iPhone.Build.0 = Release|Any CPU
		{E62C23AF-F07C-444C-A65F-99BD2246BBB5}.AppStore|iPhoneSimulator.ActiveCfg = Release|Any CPU
		{E62C23AF-F07C-444C-A65F-99BD2246BBB5}.AppStore|iPhoneSimulator.Build.0 = Release|Any CPU
		{E62C23AF-F07C-444C-A65F-99BD2246BBB5}.Debug|Any CPU.ActiveCfg = Debug|Any CPU
		{E62C23AF-F07C-444C-A65F-99BD2246BBB5}.Debug|Any CPU.Build.0 = Debug|Any CPU
		{E62C23AF-F07C-444C-A65F-99BD2246BBB5}.Debug|iPhone.ActiveCfg = Debug|Any CPU
		{E62C23AF-F07C-444C-A65F-99BD2246BBB5}.Debug|iPhone.Build.0 = Debug|Any CPU
		{E62C23AF-F07C-444C-A65F-99BD2246BBB5}.Debug|iPhoneSimulator.ActiveCfg = Debug|Any CPU
		{E62C23AF-F07C-444C-A65F-99BD2246BBB5}.Debug|iPhoneSimulator.Build.0 = Debug|Any CPU
		{E62C23AF-F07C-444C-A65F-99BD2246BBB5}.Release|Any CPU.ActiveCfg = Release|Any CPU
		{E62C23AF-F07C-444C-A65F-99BD2246BBB5}.Release|Any CPU.Build.0 = Release|Any CPU
		{E62C23AF-F07C-444C-A65F-99BD2246BBB5}.Release|iPhone.ActiveCfg = Release|Any CPU
		{E62C23AF-F07C-444C-A65F-99BD2246BBB5}.Release|iPhone.Build.0 = Release|Any CPU
		{E62C23AF-F07C-444C-A65F-99BD2246BBB5}.Release|iPhoneSimulator.ActiveCfg = Release|Any CPU
		{E62C23AF-F07C-444C-A65F-99BD2246BBB5}.Release|iPhoneSimulator.Build.0 = Release|Any CPU
	EndGlobalSection
	GlobalSection(NestedProjects) = preSolution
	EndGlobalSection
	GlobalSection(SolutionProperties) = preSolution
		HideSolutionNode = FALSE
	EndGlobalSection
EndGlobal
